
Microsoft Visual Studio Solution File, Format Version 12.00
# Visual Studio 15
VisualStudioVersion = 15.0.27428.2043
MinimumVisualStudioVersion = 10.0.40219.1
Project("{159641D6-6404-4A2A-AE62-294DE0FE8301}") = "LearnByDoingRepo", "LearnByDoingRepo\LearnByDoingRepo.dtproj", "{CE16E0B8-A2B5-4AB9-A0B6-0B09AC82C709}"
EndProject
Global
	GlobalSection(SolutionConfigurationPlatforms) = preSolution
		Development|Default = Development|Default
	EndGlobalSection
	GlobalSection(ProjectConfigurationPlatforms) = postSolution
		{CE16E0B8-A2B5-4AB9-A0B6-0B09AC82C709}.Development|Default.ActiveCfg = Development
		{CE16E0B8-A2B5-4AB9-A0B6-0B09AC82C709}.Development|Default.Build.0 = Development
	EndGlobalSection
	GlobalSection(SolutionProperties) = preSolution
		HideSolutionNode = FALSE
	EndGlobalSection
	GlobalSection(ExtensibilityGlobals) = postSolution
		SolutionGuid = {D1D2D202-45B6-48A7-9FFA-7531CD2706D2}
	EndGlobalSection
EndGlobal
